
Microsoft Visual Studio Solution File, Format Version 12.00
# Visual Studio 15
VisualStudioVersion = 15.0.27703.2026
MinimumVisualStudioVersion = 10.0.40219.1
Project("{FAE04EC0-301F-11D3-BF4B-00C04F79EFBC}") = "BotVkontakte", "BotVkontakte\BotVkontakte.csproj", "{2C9B18E1-EEE9-4ACF-A4AE-85B9248ABD9E}"
EndProject
Global
	GlobalSection(SolutionConfigurationPlatforms) = preSolution
		Debug|Any CPU = Debug|Any CPU
		Release|Any CPU = Release|Any CPU
	EndGlobalSection
	GlobalSection(ProjectConfigurationPlatforms) = postSolution
		{2C9B18E1-EEE9-4ACF-A4AE-85B9248ABD9E}.Debug|Any CPU.ActiveCfg = Debug|Any CPU
		{2C9B18E1-EEE9-4ACF-A4AE-85B9248ABD9E}.Debug|Any CPU.Build.0 = Debug|Any CPU
		{2C9B18E1-EEE9-4ACF-A4AE-85B9248ABD9E}.Release|Any CPU.ActiveCfg = Release|Any CPU
		{2C9B18E1-EEE9-4ACF-A4AE-85B9248ABD9E}.Release|Any CPU.Build.0 = Release|Any CPU
	EndGlobalSection
	GlobalSection(SolutionProperties) = preSolution
		HideSolutionNode = FALSE
	EndGlobalSection
	GlobalSection(ExtensibilityGlobals) = postSolution
		SolutionGuid = {C5C9E6FA-455E-4890-9AD4-4BCA307C306B}
	EndGlobalSection
EndGlobal
